
Microsoft Visual Studio Solution File, Format Version 12.00
# Visual Studio 15
Project("{FAE04EC0-301F-11D3-BF4B-00C04F79EFBC}") = "ParaglidingWeather.Core", "src\ParaglidingWeather.Core\ParaglidingWeather.Core.csproj", "{DDDD3FD9-8378-4951-B0DA-2A599D044AAD}"
EndProject
Project("{FAE04EC0-301F-11D3-BF4B-00C04F79EFBC}") = "ParaglidingWeather.Resources", "src\ParaglidingWeather.Resources\ParaglidingWeather.Resources.csproj", "{C7E11BB8-E2C3-4080-B9E0-EC67A5DF61F5}"
EndProject
Project("{FAE04EC0-301F-11D3-BF4B-00C04F79EFBC}") = "ParaglidingWeather.Bot", "src\ParaglidingWeather.Bot\ParaglidingWeather.Bot.csproj", "{1E840737-E733-446D-BF21-189268D34354}"
EndProject
Project("{FAE04EC0-301F-11D3-BF4B-00C04F79EFBC}") = "ParaglidingWeather.Providers", "src\ParaglidingWeather.Providers\ParaglidingWeather.Providers.csproj", "{08AFC100-CE1E-4639-8B95-D58DD6241985}"
EndProject
Project("{FAE04EC0-301F-11D3-BF4B-00C04F79EFBC}") = "ParaglidingWeather.Core.Test", "test\ParaglidingWeather.Core.Test\ParaglidingWeather.Core.Test.csproj", "{CE6ACF05-F956-40BC-87EB-6DCB0776B45E}"
EndProject
Project("{FAE04EC0-301F-11D3-BF4B-00C04F79EFBC}") = "ParaglidingWeather.Helpers", "src\ParaglidingWeather.Helpers\ParaglidingWeather.Helpers.csproj", "{E8A28E57-0C11-4875-9CCB-260A3403681A}"
EndProject
Project("{FAE04EC0-301F-11D3-BF4B-00C04F79EFBC}") = "ParaglidingWeather.Helpers.Test", "test\ParaglidingWeather.Helpers.Test\ParaglidingWeather.Helpers.Test.csproj", "{FE483A9F-D5BA-494E-AF31-7DF6B6E49F68}"
EndProject
Project("{FAE04EC0-301F-11D3-BF4B-00C04F79EFBC}") = "ParaglidingWeather.Bot.Test", "test\ParaglidingWeather.Bot.Test\ParaglidingWeather.Bot.Test.csproj", "{C4D8B04F-378E-47E5-9D97-2B3E8EA8A5DA}"
EndProject
Project("{FAE04EC0-301F-11D3-BF4B-00C04F79EFBC}") = "ParaglidingWeather.Providers.Test", "test\ParaglidingWeather.Providers.Test\ParaglidingWeather.Providers.Test.csproj", "{1F7E620A-5A70-4974-ACB6-E750CA9EBDF4}"
EndProject
Global
	GlobalSection(SolutionConfigurationPlatforms) = preSolution
		Debug|Any CPU = Debug|Any CPU
		Release|Any CPU = Release|Any CPU
	EndGlobalSection
	GlobalSection(ProjectConfigurationPlatforms) = postSolution
		{DDDD3FD9-8378-4951-B0DA-2A599D044AAD}.Debug|Any CPU.ActiveCfg = Debug|Any CPU
		{DDDD3FD9-8378-4951-B0DA-2A599D044AAD}.Debug|Any CPU.Build.0 = Debug|Any CPU
		{DDDD3FD9-8378-4951-B0DA-2A599D044AAD}.Release|Any CPU.ActiveCfg = Release|Any CPU
		{DDDD3FD9-8378-4951-B0DA-2A599D044AAD}.Release|Any CPU.Build.0 = Release|Any CPU
		{C7E11BB8-E2C3-4080-B9E0-EC67A5DF61F5}.Debug|Any CPU.ActiveCfg = Debug|Any CPU
		{C7E11BB8-E2C3-4080-B9E0-EC67A5DF61F5}.Debug|Any CPU.Build.0 = Debug|Any CPU
		{C7E11BB8-E2C3-4080-B9E0-EC67A5DF61F5}.Release|Any CPU.ActiveCfg = Release|Any CPU
		{C7E11BB8-E2C3-4080-B9E0-EC67A5DF61F5}.Release|Any CPU.Build.0 = Release|Any CPU
		{1E840737-E733-446D-BF21-189268D34354}.Debug|Any CPU.ActiveCfg = Debug|Any CPU
		{1E840737-E733-446D-BF21-189268D34354}.Debug|Any CPU.Build.0 = Debug|Any CPU
		{1E840737-E733-446D-BF21-189268D34354}.Release|Any CPU.ActiveCfg = Release|Any CPU
		{1E840737-E733-446D-BF21-189268D34354}.Release|Any CPU.Build.0 = Release|Any CPU
		{08AFC100-CE1E-4639-8B95-D58DD6241985}.Debug|Any CPU.ActiveCfg = Debug|Any CPU
		{08AFC100-CE1E-4639-8B95-D58DD6241985}.Debug|Any CPU.Build.0 = Debug|Any CPU
		{08AFC100-CE1E-4639-8B95-D58DD6241985}.Release|Any CPU.ActiveCfg = Release|Any CPU
		{08AFC100-CE1E-4639-8B95-D58DD6241985}.Release|Any CPU.Build.0 = Release|Any CPU
		{CE6ACF05-F956-40BC-87EB-6DCB0776B45E}.Debug|Any CPU.ActiveCfg = Debug|Any CPU
		{CE6ACF05-F956-40BC-87EB-6DCB0776B45E}.Debug|Any CPU.Build.0 = Debug|Any CPU
		{CE6ACF05-F956-40BC-87EB-6DCB0776B45E}.Release|Any CPU.ActiveCfg = Release|Any CPU
		{CE6ACF05-F956-40BC-87EB-6DCB0776B45E}.Release|Any CPU.Build.0 = Release|Any CPU
		{E8A28E57-0C11-4875-9CCB-260A3403681A}.Debug|Any CPU.ActiveCfg = Debug|Any CPU
		{E8A28E57-0C11-4875-9CCB-260A3403681A}.Debug|Any CPU.Build.0 = Debug|Any CPU
		{E8A28E57-0C11-4875-9CCB-260A3403681A}.Release|Any CPU.ActiveCfg = Release|Any CPU
		{E8A28E57-0C11-4875-9CCB-260A3403681A}.Release|Any CPU.Build.0 = Release|Any CPU
		{FE483A9F-D5BA-494E-AF31-7DF6B6E49F68}.Debug|Any CPU.ActiveCfg = Debug|Any CPU
		{FE483A9F-D5BA-494E-AF31-7DF6B6E49F68}.Debug|Any CPU.Build.0 = Debug|Any CPU
		{FE483A9F-D5BA-494E-AF31-7DF6B6E49F68}.Release|Any CPU.ActiveCfg = Release|Any CPU
		{FE483A9F-D5BA-494E-AF31-7DF6B6E49F68}.Release|Any CPU.Build.0 = Release|Any CPU
		{C4D8B04F-378E-47E5-9D97-2B3E8EA8A5DA}.Debug|Any CPU.ActiveCfg = Debug|Any CPU
		{C4D8B04F-378E-47E5-9D97-2B3E8EA8A5DA}.Debug|Any CPU.Build.0 = Debug|Any CPU
		{C4D8B04F-378E-47E5-9D97-2B3E8EA8A5DA}.Release|Any CPU.ActiveCfg = Release|Any CPU
		{C4D8B04F-378E-47E5-9D97-2B3E8EA8A5DA}.Release|Any CPU.Build.0 = Release|Any CPU
		{1F7E620A-5A70-4974-ACB6-E750CA9EBDF4}.Debug|Any CPU.ActiveCfg = Debug|Any CPU
		{1F7E620A-5A70-4974-ACB6-E750CA9EBDF4}.Debug|Any CPU.Build.0 = Debug|Any CPU
		{1F7E620A-5A70-4974-ACB6-E750CA9EBDF4}.Release|Any CPU.ActiveCfg = Release|Any CPU
		{1F7E620A-5A70-4974-ACB6-E750CA9EBDF4}.Release|Any CPU.Build.0 = Release|Any CPU
	EndGlobalSection
EndGlobal
